// !$*UTF8*$!
{
	archiveVersion = 1;
	classes = {
	};
	objectVersion = 55;
	objects = {

/* Begin PBXBuildFile section */
		CF650214285DBC30008BAFE1 /* WeatherFetchService.swift in Sources */ = {isa = PBXBuildFile; fileRef = CF650213285DBC30008BAFE1 /* WeatherFetchService.swift */; };
		CF65021C285E4F86008BAFE1 /* NError.swift in Sources */ = {isa = PBXBuildFile; fileRef = CF65021B285E4F86008BAFE1 /* NError.swift */; };
		CF92D8C22865D22200763507 /* WeatherFetchServiceMock.swift in Sources */ = {isa = PBXBuildFile; fileRef = CF92D8C12865D22200763507 /* WeatherFetchServiceMock.swift */; };
		CF92D8C42865D7E600763507 /* cities.json in Resources */ = {isa = PBXBuildFile; fileRef = CF92D8C32865D7E600763507 /* cities.json */; };
		CF92D8C62865D7F500763507 /* location.json in Resources */ = {isa = PBXBuildFile; fileRef = CF92D8C52865D7F500763507 /* location.json */; };
		CF92D8CA2865E29000763507 /* WeatherViewModelMock.swift in Sources */ = {isa = PBXBuildFile; fileRef = CF92D8C92865E29000763507 /* WeatherViewModelMock.swift */; };
		CFA3EA3128E45DC400E29AB4 /* UIView+Extensions.swift in Sources */ = {isa = PBXBuildFile; fileRef = CFA3EA3028E45DC400E29AB4 /* UIView+Extensions.swift */; };
		CFBAC77028660A4000AC71A4 /* MockableService.swift in Sources */ = {isa = PBXBuildFile; fileRef = CFBAC76F28660A4000AC71A4 /* MockableService.swift */; };
		CFDF66BA285BA38B001B9A22 /* WeatherViewModel.swift in Sources */ = {isa = PBXBuildFile; fileRef = CFDF66B9285BA38B001B9A22 /* WeatherViewModel.swift */; };
		CFDF66BF285CC8AC001B9A22 /* WeatherData.swift in Sources */ = {isa = PBXBuildFile; fileRef = CFDF66BE285CC8AC001B9A22 /* WeatherData.swift */; };
		CFFCD6DC285B126100F4B73F /* AppDelegate.swift in Sources */ = {isa = PBXBuildFile; fileRef = CFFCD6DB285B126100F4B73F /* AppDelegate.swift */; };
		CFFCD6DE285B126100F4B73F /* SceneDelegate.swift in Sources */ = {isa = PBXBuildFile; fileRef = CFFCD6DD285B126100F4B73F /* SceneDelegate.swift */; };
		CFFCD6E0285B126100F4B73F /* WeatherViewController.swift in Sources */ = {isa = PBXBuildFile; fileRef = CFFCD6DF285B126100F4B73F /* WeatherViewController.swift */; };
		CFFCD6E5285B126200F4B73F /* Assets.xcassets in Resources */ = {isa = PBXBuildFile; fileRef = CFFCD6E4285B126200F4B73F /* Assets.xcassets */; };
		CFFCD6E8285B126200F4B73F /* LaunchScreen.storyboard in Resources */ = {isa = PBXBuildFile; fileRef = CFFCD6E6285B126200F4B73F /* LaunchScreen.storyboard */; };
		CFFCD6F3285B126200F4B73F /* WeatherViewModelTests.swift in Sources */ = {isa = PBXBuildFile; fileRef = CFFCD6F2285B126200F4B73F /* WeatherViewModelTests.swift */; };
		CFFCD712285B2A4400F4B73F /* NetworkService.swift in Sources */ = {isa = PBXBuildFile; fileRef = CFFCD711285B2A4400F4B73F /* NetworkService.swift */; };
/* End PBXBuildFile section */

/* Begin PBXContainerItemProxy section */
		CFFCD6EF285B126200F4B73F /* PBXContainerItemProxy */ = {
			isa = PBXContainerItemProxy;
			containerPortal = CFFCD6D0285B126000F4B73F /* Project object */;
			proxyType = 1;
			remoteGlobalIDString = CFFCD6D7285B126100F4B73F;
			remoteInfo = OpenWeatherApp;
		};
/* End PBXContainerItemProxy section */

/* Begin PBXFileReference section */
		CF650213285DBC30008BAFE1 /* WeatherFetchService.swift */ = {isa = PBXFileReference; lastKnownFileType = sourcecode.swift; path = WeatherFetchService.swift; sourceTree = "<group>"; };
		CF65021B285E4F86008BAFE1 /* NError.swift */ = {isa = PBXFileReference; lastKnownFileType = sourcecode.swift; path = NError.swift; sourceTree = "<group>"; };
		CF92D8C12865D22200763507 /* WeatherFetchServiceMock.swift */ = {isa = PBXFileReference; lastKnownFileType = sourcecode.swift; path = WeatherFetchServiceMock.swift; sourceTree = "<group>"; };
		CF92D8C32865D7E600763507 /* cities.json */ = {isa = PBXFileReference; lastKnownFileType = text.json; path = cities.json; sourceTree = "<group>"; };
		CF92D8C52865D7F500763507 /* location.json */ = {isa = PBXFileReference; lastKnownFileType = text.json; path = location.json; sourceTree = "<group>"; };
		CF92D8C92865E29000763507 /* WeatherViewModelMock.swift */ = {isa = PBXFileReference; lastKnownFileType = sourcecode.swift; path = WeatherViewModelMock.swift; sourceTree = "<group>"; };
		CFA3EA3028E45DC400E29AB4 /* UIView+Extensions.swift */ = {isa = PBXFileReference; lastKnownFileType = sourcecode.swift; path = "UIView+Extensions.swift"; sourceTree = "<group>"; };
		CFBAC76F28660A4000AC71A4 /* MockableService.swift */ = {isa = PBXFileReference; lastKnownFileType = sourcecode.swift; path = MockableService.swift; sourceTree = "<group>"; };
		CFDF66B9285BA38B001B9A22 /* WeatherViewModel.swift */ = {isa = PBXFileReference; lastKnownFileType = sourcecode.swift; path = WeatherViewModel.swift; sourceTree = "<group>"; };
		CFDF66BE285CC8AC001B9A22 /* WeatherData.swift */ = {isa = PBXFileReference; lastKnownFileType = sourcecode.swift; path = WeatherData.swift; sourceTree = "<group>"; };
		CFFCD6D8285B126100F4B73F /* OpenWeatherApp.app */ = {isa = PBXFileReference; explicitFileType = wrapper.application; includeInIndex = 0; path = OpenWeatherApp.app; sourceTree = BUILT_PRODUCTS_DIR; };
		CFFCD6DB285B126100F4B73F /* AppDelegate.swift */ = {isa = PBXFileReference; lastKnownFileType = sourcecode.swift; path = AppDelegate.swift; sourceTree = "<group>"; };
		CFFCD6DD285B126100F4B73F /* SceneDelegate.swift */ = {isa = PBXFileReference; lastKnownFileType = sourcecode.swift; path = SceneDelegate.swift; sourceTree = "<group>"; };
		CFFCD6DF285B126100F4B73F /* WeatherViewController.swift */ = {isa = PBXFileReference; lastKnownFileType = sourcecode.swift; path = WeatherViewController.swift; sourceTree = "<group>"; };
		CFFCD6E4285B126200F4B73F /* Assets.xcassets */ = {isa = PBXFileReference; lastKnownFileType = folder.assetcatalog; path = Assets.xcassets; sourceTree = "<group>"; };
		CFFCD6E7285B126200F4B73F /* Base */ = {isa = PBXFileReference; lastKnownFileType = file.storyboard; name = Base; path = Base.lproj/LaunchScreen.storyboard; sourceTree = "<group>"; };
		CFFCD6E9285B126200F4B73F /* Info.plist */ = {isa = PBXFileReference; lastKnownFileType = text.plist.xml; path = Info.plist; sourceTree = "<group>"; };
		CFFCD6EE285B126200F4B73F /* OpenWeatherAppTests.xctest */ = {isa = PBXFileReference; explicitFileType = wrapper.cfbundle; includeInIndex = 0; path = OpenWeatherAppTests.xctest; sourceTree = BUILT_PRODUCTS_DIR; };
		CFFCD6F2285B126200F4B73F /* WeatherViewModelTests.swift */ = {isa = PBXFileReference; lastKnownFileType = sourcecode.swift; path = WeatherViewModelTests.swift; sourceTree = "<group>"; };
		CFFCD711285B2A4400F4B73F /* NetworkService.swift */ = {isa = PBXFileReference; lastKnownFileType = sourcecode.swift; path = NetworkService.swift; sourceTree = "<group>"; };
/* End PBXFileReference section */

/* Begin PBXFrameworksBuildPhase section */
		CFFCD6D5285B126100F4B73F /* Frameworks */ = {
			isa = PBXFrameworksBuildPhase;
			buildActionMask = 2147483647;
			files = (
			);
			runOnlyForDeploymentPostprocessing = 0;
		};
		CFFCD6EB285B126200F4B73F /* Frameworks */ = {
			isa = PBXFrameworksBuildPhase;
			buildActionMask = 2147483647;
			files = (
			);
			runOnlyForDeploymentPostprocessing = 0;
		};
/* End PBXFrameworksBuildPhase section */

/* Begin PBXGroup section */
		CF650218285E4F59008BAFE1 /* Utilities */ = {
			isa = PBXGroup;
			children = (
				CF65021B285E4F86008BAFE1 /* NError.swift */,
			);
			path = Utilities;
			sourceTree = "<group>";
		};
		CFA3EA2F28E45DB500E29AB4 /* Extensions */ = {
			isa = PBXGroup;
			children = (
				CFA3EA3028E45DC400E29AB4 /* UIView+Extensions.swift */,
			);
			path = Extensions;
			sourceTree = "<group>";
		};
		CFBAC76D2866086900AC71A4 /* Mockable */ = {
			isa = PBXGroup;
			children = (
				CFBAC76F28660A4000AC71A4 /* MockableService.swift */,
				CF92D8C12865D22200763507 /* WeatherFetchServiceMock.swift */,
				CF92D8C92865E29000763507 /* WeatherViewModelMock.swift */,
			);
			path = Mockable;
			sourceTree = "<group>";
		};
		CFDF66B8285BA326001B9A22 /* Models */ = {
			isa = PBXGroup;
			children = (
				CFDF66BE285CC8AC001B9A22 /* WeatherData.swift */,
			);
			path = Models;
			sourceTree = "<group>";
		};
		CFDF66BB285CAFC6001B9A22 /* ViewModels */ = {
			isa = PBXGroup;
			children = (
				CFDF66B9285BA38B001B9A22 /* WeatherViewModel.swift */,
			);
			path = ViewModels;
			sourceTree = "<group>";
		};
		CFFCD6CF285B126000F4B73F = {
			isa = PBXGroup;
			children = (
				CFFCD6DA285B126100F4B73F /* OpenWeatherApp */,
				CFFCD6F1285B126200F4B73F /* OpenWeatherAppTests */,
				CFFCD6D9285B126100F4B73F /* Products */,
			);
			sourceTree = "<group>";
		};
		CFFCD6D9285B126100F4B73F /* Products */ = {
			isa = PBXGroup;
			children = (
				CFFCD6D8285B126100F4B73F /* OpenWeatherApp.app */,
				CFFCD6EE285B126200F4B73F /* OpenWeatherAppTests.xctest */,
			);
			name = Products;
			sourceTree = "<group>";
		};
		CFFCD6DA285B126100F4B73F /* OpenWeatherApp */ = {
			isa = PBXGroup;
			children = (
				CFA3EA2F28E45DB500E29AB4 /* Extensions */,
				CFFCD70F285B1A6200F4B73F /* SupportingFiles */,
				CFFCD70C285B12B300F4B73F /* Resources */,
				CFFCD70B285B12A900F4B73F /* Controllers */,
				CFDF66BB285CAFC6001B9A22 /* ViewModels */,
				CFFCD713285B2A5000F4B73F /* Services */,
				CFDF66B8285BA326001B9A22 /* Models */,
			);
			path = OpenWeatherApp;
			sourceTree = "<group>";
		};
		CFFCD6F1285B126200F4B73F /* OpenWeatherAppTests */ = {
			isa = PBXGroup;
			children = (
				CFFCD6F2285B126200F4B73F /* WeatherViewModelTests.swift */,
				CFBAC76D2866086900AC71A4 /* Mockable */,
				CF92D8C32865D7E600763507 /* cities.json */,
				CF92D8C52865D7F500763507 /* location.json */,
			);
			path = OpenWeatherAppTests;
			sourceTree = "<group>";
		};
		CFFCD70B285B12A900F4B73F /* Controllers */ = {
			isa = PBXGroup;
			children = (
				CFFCD6DF285B126100F4B73F /* WeatherViewController.swift */,
			);
			path = Controllers;
			sourceTree = "<group>";
		};
		CFFCD70C285B12B300F4B73F /* Resources */ = {
			isa = PBXGroup;
			children = (
				CFFCD6E4285B126200F4B73F /* Assets.xcassets */,
			);
			path = Resources;
			sourceTree = "<group>";
		};
		CFFCD70F285B1A6200F4B73F /* SupportingFiles */ = {
			isa = PBXGroup;
			children = (
				CFFCD6DB285B126100F4B73F /* AppDelegate.swift */,
				CFFCD6DD285B126100F4B73F /* SceneDelegate.swift */,
				CFFCD6E6285B126200F4B73F /* LaunchScreen.storyboard */,
				CFFCD6E9285B126200F4B73F /* Info.plist */,
			);
			path = SupportingFiles;
			sourceTree = "<group>";
		};
		CFFCD713285B2A5000F4B73F /* Services */ = {
			isa = PBXGroup;
			children = (
				CF650218285E4F59008BAFE1 /* Utilities */,
				CFFCD711285B2A4400F4B73F /* NetworkService.swift */,
				CF650213285DBC30008BAFE1 /* WeatherFetchService.swift */,
			);
			path = Services;
			sourceTree = "<group>";
		};
/* End PBXGroup section */

/* Begin PBXNativeTarget section */
		CFFCD6D7285B126100F4B73F /* OpenWeatherApp */ = {
			isa = PBXNativeTarget;
			buildConfigurationList = CFFCD702285B126200F4B73F /* Build configuration list for PBXNativeTarget "OpenWeatherApp" */;
			buildPhases = (
				CFFCD6D4285B126100F4B73F /* Sources */,
				CFFCD6D5285B126100F4B73F /* Frameworks */,
				CFFCD6D6285B126100F4B73F /* Resources */,
			);
			buildRules = (
			);
			dependencies = (
			);
			name = OpenWeatherApp;
			productName = OpenWeatherApp;
			productReference = CFFCD6D8285B126100F4B73F /* OpenWeatherApp.app */;
			productType = "com.apple.product-type.application";
		};
		CFFCD6ED285B126200F4B73F /* OpenWeatherAppTests */ = {
			isa = PBXNativeTarget;
			buildConfigurationList = CFFCD705285B126200F4B73F /* Build configuration list for PBXNativeTarget "OpenWeatherAppTests" */;
			buildPhases = (
				CFFCD6EA285B126200F4B73F /* Sources */,
				CFFCD6EB285B126200F4B73F /* Frameworks */,
				CFFCD6EC285B126200F4B73F /* Resources */,
			);
			buildRules = (
			);
			dependencies = (
				CFFCD6F0285B126200F4B73F /* PBXTargetDependency */,
			);
			name = OpenWeatherAppTests;
			productName = OpenWeatherAppTests;
			productReference = CFFCD6EE285B126200F4B73F /* OpenWeatherAppTests.xctest */;
			productType = "com.apple.product-type.bundle.unit-test";
		};
/* End PBXNativeTarget section */

/* Begin PBXProject section */
		CFFCD6D0285B126000F4B73F /* Project object */ = {
			isa = PBXProject;
			attributes = {
				BuildIndependentTargetsInParallel = 1;
				LastSwiftUpdateCheck = 1340;
				LastUpgradeCheck = 1340;
				TargetAttributes = {
					CFFCD6D7285B126100F4B73F = {
						CreatedOnToolsVersion = 13.4.1;
					};
					CFFCD6ED285B126200F4B73F = {
						CreatedOnToolsVersion = 13.4.1;
						TestTargetID = CFFCD6D7285B126100F4B73F;
					};
				};
			};
			buildConfigurationList = CFFCD6D3285B126000F4B73F /* Build configuration list for PBXProject "OpenWeatherApp" */;
			compatibilityVersion = "Xcode 13.0";
			developmentRegion = en;
			hasScannedForEncodings = 0;
			knownRegions = (
				en,
				Base,
			);
			mainGroup = CFFCD6CF285B126000F4B73F;
			productRefGroup = CFFCD6D9285B126100F4B73F /* Products */;
			projectDirPath = "";
			projectRoot = "";
			targets = (
				CFFCD6D7285B126100F4B73F /* OpenWeatherApp */,
				CFFCD6ED285B126200F4B73F /* OpenWeatherAppTests */,
			);
		};
/* End PBXProject section */

/* Begin PBXResourcesBuildPhase section */
		CFFCD6D6285B126100F4B73F /* Resources */ = {
			isa = PBXResourcesBuildPhase;
			buildActionMask = 2147483647;
			files = (
				CFFCD6E8285B126200F4B73F /* LaunchScreen.storyboard in Resources */,
				CFFCD6E5285B126200F4B73F /* Assets.xcassets in Resources */,
			);
			runOnlyForDeploymentPostprocessing = 0;
		};
		CFFCD6EC285B126200F4B73F /* Resources */ = {
			isa = PBXResourcesBuildPhase;
			buildActionMask = 2147483647;
			files = (
				CF92D8C62865D7F500763507 /* location.json in Resources */,
				CF92D8C42865D7E600763507 /* cities.json in Resources */,
			);
			runOnlyForDeploymentPostprocessing = 0;
		};
/* End PBXResourcesBuildPhase section */

/* Begin PBXSourcesBuildPhase section */
		CFFCD6D4285B126100F4B73F /* Sources */ = {
			isa = PBXSourcesBuildPhase;
			buildActionMask = 2147483647;
			files = (
				CFDF66BA285BA38B001B9A22 /* WeatherViewModel.swift in Sources */,
				CF650214285DBC30008BAFE1 /* WeatherFetchService.swift in Sources */,
				CFFCD6E0285B126100F4B73F /* WeatherViewController.swift in Sources */,
				CFFCD6DC285B126100F4B73F /* AppDelegate.swift in Sources */,
				CFA3EA3128E45DC400E29AB4 /* UIView+Extensions.swift in Sources */,
				CFDF66BF285CC8AC001B9A22 /* WeatherData.swift in Sources */,
				CF65021C285E4F86008BAFE1 /* NError.swift in Sources */,
				CFFCD712285B2A4400F4B73F /* NetworkService.swift in Sources */,
				CFFCD6DE285B126100F4B73F /* SceneDelegate.swift in Sources */,
			);
			runOnlyForDeploymentPostprocessing = 0;
		};
		CFFCD6EA285B126200F4B73F /* Sources */ = {
			isa = PBXSourcesBuildPhase;
			buildActionMask = 2147483647;
			files = (
				CFFCD6F3285B126200F4B73F /* WeatherViewModelTests.swift in Sources */,
				CF92D8C22865D22200763507 /* WeatherFetchServiceMock.swift in Sources */,
				CF92D8CA2865E29000763507 /* WeatherViewModelMock.swift in Sources */,
				CFBAC77028660A4000AC71A4 /* MockableService.swift in Sources */,
			);
			runOnlyForDeploymentPostprocessing = 0;
		};
/* End PBXSourcesBuildPhase section */

/* Begin PBXTargetDependency section */
		CFFCD6F0285B126200F4B73F /* PBXTargetDependency */ = {
			isa = PBXTargetDependency;
			target = CFFCD6D7285B126100F4B73F /* OpenWeatherApp */;
			targetProxy = CFFCD6EF285B126200F4B73F /* PBXContainerItemProxy */;
		};
/* End PBXTargetDependency section */

/* Begin PBXVariantGroup section */
		CFFCD6E6285B126200F4B73F /* LaunchScreen.storyboard */ = {
			isa = PBXVariantGroup;
			children = (
				CFFCD6E7285B126200F4B73F /* Base */,
			);
			name = LaunchScreen.storyboard;
			sourceTree = "<group>";
		};
/* End PBXVariantGroup section */

/* Begin XCBuildConfiguration section */
		CFFCD700285B126200F4B73F /* Debug */ = {
			isa = XCBuildConfiguration;
			buildSettings = {
				ALWAYS_SEARCH_USER_PATHS = NO;
				CLANG_ANALYZER_NONNULL = YES;
				CLANG_ANALYZER_NUMBER_OBJECT_CONVERSION = YES_AGGRESSIVE;
				CLANG_CXX_LANGUAGE_STANDARD = "gnu++17";
				CLANG_ENABLE_MODULES = YES;
				CLANG_ENABLE_OBJC_ARC = YES;
				CLANG_ENABLE_OBJC_WEAK = YES;
				CLANG_WARN_BLOCK_CAPTURE_AUTORELEASING = YES;
				CLANG_WARN_BOOL_CONVERSION = YES;
				CLANG_WARN_COMMA = YES;
				CLANG_WARN_CONSTANT_CONVERSION = YES;
				CLANG_WARN_DEPRECATED_OBJC_IMPLEMENTATIONS = YES;
				CLANG_WARN_DIRECT_OBJC_ISA_USAGE = YES_ERROR;
				CLANG_WARN_DOCUMENTATION_COMMENTS = YES;
				CLANG_WARN_EMPTY_BODY = YES;
				CLANG_WARN_ENUM_CONVERSION = YES;
				CLANG_WARN_INFINITE_RECURSION = YES;
				CLANG_WARN_INT_CONVERSION = YES;
				CLANG_WARN_NON_LITERAL_NULL_CONVERSION = YES;
				CLANG_WARN_OBJC_IMPLICIT_RETAIN_SELF = YES;
				CLANG_WARN_OBJC_LITERAL_CONVERSION = YES;
				CLANG_WARN_OBJC_ROOT_CLASS = YES_ERROR;
				CLANG_WARN_QUOTED_INCLUDE_IN_FRAMEWORK_HEADER = YES;
				CLANG_WARN_RANGE_LOOP_ANALYSIS = YES;
				CLANG_WARN_STRICT_PROTOTYPES = YES;
				CLANG_WARN_SUSPICIOUS_MOVE = YES;
				CLANG_WARN_UNGUARDED_AVAILABILITY = YES_AGGRESSIVE;
				CLANG_WARN_UNREACHABLE_CODE = YES;
				CLANG_WARN__DUPLICATE_METHOD_MATCH = YES;
				COPY_PHASE_STRIP = NO;
				DEBUG_INFORMATION_FORMAT = dwarf;
				ENABLE_STRICT_OBJC_MSGSEND = YES;
				ENABLE_TESTABILITY = YES;
				GCC_C_LANGUAGE_STANDARD = gnu11;
				GCC_DYNAMIC_NO_PIC = NO;
				GCC_NO_COMMON_BLOCKS = YES;
				GCC_OPTIMIZATION_LEVEL = 0;
				GCC_PREPROCESSOR_DEFINITIONS = (
					"DEBUG=1",
					"$(inherited)",
				);
				GCC_WARN_64_TO_32_BIT_CONVERSION = YES;
				GCC_WARN_ABOUT_RETURN_TYPE = YES_ERROR;
				GCC_WARN_UNDECLARED_SELECTOR = YES;
				GCC_WARN_UNINITIALIZED_AUTOS = YES_AGGRESSIVE;
				GCC_WARN_UNUSED_FUNCTION = YES;
				GCC_WARN_UNUSED_VARIABLE = YES;
				IPHONEOS_DEPLOYMENT_TARGET = 15.5;
				MTL_ENABLE_DEBUG_INFO = INCLUDE_SOURCE;
				MTL_FAST_MATH = YES;
				ONLY_ACTIVE_ARCH = YES;
				SDKROOT = iphoneos;
				SWIFT_ACTIVE_COMPILATION_CONDITIONS = DEBUG;
				SWIFT_OPTIMIZATION_LEVEL = "-Onone";
			};
			name = Debug;
		};
		CFFCD701285B126200F4B73F /* Release */ = {
			isa = XCBuildConfiguration;
			buildSettings = {
				ALWAYS_SEARCH_USER_PATHS = NO;
				CLANG_ANALYZER_NONNULL = YES;
				CLANG_ANALYZER_NUMBER_OBJECT_CONVERSION = YES_AGGRESSIVE;
				CLANG_CXX_LANGUAGE_STANDARD = "gnu++17";
				CLANG_ENABLE_MODULES = YES;
				CLANG_ENABLE_OBJC_ARC = YES;
				CLANG_ENABLE_OBJC_WEAK = YES;
				CLANG_WARN_BLOCK_CAPTURE_AUTORELEASING = YES;
				CLANG_WARN_BOOL_CONVERSION = YES;
				CLANG_WARN_COMMA = YES;
				CLANG_WARN_CONSTANT_CONVERSION = YES;
				CLANG_WARN_DEPRECATED_OBJC_IMPLEMENTATIONS = YES;
				CLANG_WARN_DIRECT_OBJC_ISA_USAGE = YES_ERROR;
				CLANG_WARN_DOCUMENTATION_COMMENTS = YES;
				CLANG_WARN_EMPTY_BODY = YES;
				CLANG_WARN_ENUM_CONVERSION = YES;
				CLANG_WARN_INFINITE_RECURSION = YES;
				CLANG_WARN_INT_CONVERSION = YES;
				CLANG_WARN_NON_LITERAL_NULL_CONVERSION = YES;
				CLANG_WARN_OBJC_IMPLICIT_RETAIN_SELF = YES;
				CLANG_WARN_OBJC_LITERAL_CONVERSION = YES;
				CLANG_WARN_OBJC_ROOT_CLASS = YES_ERROR;
				CLANG_WARN_QUOTED_INCLUDE_IN_FRAMEWORK_HEADER = YES;
				CLANG_WARN_RANGE_LOOP_ANALYSIS = YES;
				CLANG_WARN_STRICT_PROTOTYPES = YES;
				CLANG_WARN_SUSPICIOUS_MOVE = YES;
				CLANG_WARN_UNGUARDED_AVAILABILITY = YES_AGGRESSIVE;
				CLANG_WARN_UNREACHABLE_CODE = YES;
				CLANG_WARN__DUPLICATE_METHOD_MATCH = YES;
				COPY_PHASE_STRIP = NO;
				DEBUG_INFORMATION_FORMAT = "dwarf-with-dsym";
				ENABLE_NS_ASSERTIONS = NO;
				ENABLE_STRICT_OBJC_MSGSEND = YES;
				GCC_C_LANGUAGE_STANDARD = gnu11;
				GCC_NO_COMMON_BLOCKS = YES;
				GCC_WARN_64_TO_32_BIT_CONVERSION = YES;
				GCC_WARN_ABOUT_RETURN_TYPE = YES_ERROR;
				GCC_WARN_UNDECLARED_SELECTOR = YES;
				GCC_WARN_UNINITIALIZED_AUTOS = YES_AGGRESSIVE;
				GCC_WARN_UNUSED_FUNCTION = YES;
				GCC_WARN_UNUSED_VARIABLE = YES;
				IPHONEOS_DEPLOYMENT_TARGET = 15.5;
				MTL_ENABLE_DEBUG_INFO = NO;
				MTL_FAST_MATH = YES;
				SDKROOT = iphoneos;
				SWIFT_COMPILATION_MODE = wholemodule;
				SWIFT_OPTIMIZATION_LEVEL = "-O";
				VALIDATE_PRODUCT = YES;
			};
			name = Release;
		};
		CFFCD703285B126200F4B73F /* Debug */ = {
			isa = XCBuildConfiguration;
			buildSettings = {
				ASSETCATALOG_COMPILER_APPICON_NAME = AppIcon;
				ASSETCATALOG_COMPILER_GLOBAL_ACCENT_COLOR_NAME = AccentColor;
				CODE_SIGN_STYLE = Automatic;
				CURRENT_PROJECT_VERSION = 1;
				DEVELOPMENT_TEAM = L7KZPDRX49;
				GENERATE_INFOPLIST_FILE = YES;
				INFOPLIST_FILE = OpenWeatherApp/SupportingFiles/Info.plist;
				INFOPLIST_KEY_NSLocationWhenInUseUsageDescription = "Your location is used to show local weather.";
				INFOPLIST_KEY_UIApplicationSupportsIndirectInputEvents = YES;
				INFOPLIST_KEY_UILaunchStoryboardName = LaunchScreen;
				INFOPLIST_KEY_UISupportedInterfaceOrientations = UIInterfaceOrientationPortrait;
				INFOPLIST_KEY_UISupportedInterfaceOrientations_iPad = "UIInterfaceOrientationPortrait UIInterfaceOrientationPortraitUpsideDown UIInterfaceOrientationLandscapeLeft UIInterfaceOrientationLandscapeRight";
				INFOPLIST_KEY_UISupportedInterfaceOrientations_iPhone = "UIInterfaceOrientationPortrait UIInterfaceOrientationLandscapeLeft UIInterfaceOrientationLandscapeRight";
				INFOPLIST_KEY_UIUserInterfaceStyle = Light;
				IPHONEOS_DEPLOYMENT_TARGET = 15.4;
				LD_RUNPATH_SEARCH_PATHS = (
					"$(inherited)",
					"@executable_path/Frameworks",
				);
				MARKETING_VERSION = 1.0;
				PRODUCT_BUNDLE_IDENTIFIER = pmatar.OpenWeatherApp;
				PRODUCT_NAME = "$(TARGET_NAME)";
				SWIFT_EMIT_LOC_STRINGS = YES;
				SWIFT_VERSION = 5.0;
				TARGETED_DEVICE_FAMILY = 1;
			};
			name = Debug;
		};
		CFFCD704285B126200F4B73F /* Release */ = {
			isa = XCBuildConfiguration;
			buildSettings = {
				ASSETCATALOG_COMPILER_APPICON_NAME = AppIcon;
				ASSETCATALOG_COMPILER_GLOBAL_ACCENT_COLOR_NAME = AccentColor;
				CODE_SIGN_STYLE = Automatic;
				CURRENT_PROJECT_VERSION = 1;
				DEVELOPMENT_TEAM = L7KZPDRX49;
				GENERATE_INFOPLIST_FILE = YES;
				INFOPLIST_FILE = OpenWeatherApp/SupportingFiles/Info.plist;
				INFOPLIST_KEY_NSLocationWhenInUseUsageDescription = "Your location is used to show local weather.";
				INFOPLIST_KEY_UIApplicationSupportsIndirectInputEvents = YES;
				INFOPLIST_KEY_UILaunchStoryboardName = LaunchScreen;
				INFOPLIST_KEY_UISupportedInterfaceOrientations = UIInterfaceOrientationPortrait;
				INFOPLIST_KEY_UISupportedInterfaceOrientations_iPad = "UIInterfaceOrientationPortrait UIInterfaceOrientationPortraitUpsideDown UIInterfaceOrientationLandscapeLeft UIInterfaceOrientationLandscapeRight";
				INFOPLIST_KEY_UISupportedInterfaceOrientations_iPhone = "UIInterfaceOrientationPortrait UIInterfaceOrientationLandscapeLeft UIInterfaceOrientationLandscapeRight";
				INFOPLIST_KEY_UIUserInterfaceStyle = Light;
				IPHONEOS_DEPLOYMENT_TARGET = 15.4;
				LD_RUNPATH_SEARCH_PATHS = (
					"$(inherited)",
					"@executable_path/Frameworks",
				);
				MARKETING_VERSION = 1.0;
				PRODUCT_BUNDLE_IDENTIFIER = pmatar.OpenWeatherApp;
				PRODUCT_NAME = "$(TARGET_NAME)";
				SWIFT_EMIT_LOC_STRINGS = YES;
				SWIFT_VERSION = 5.0;
				TARGETED_DEVICE_FAMILY = 1;
			};
			name = Release;
		};
		CFFCD706285B126200F4B73F /* Debug */ = {
			isa = XCBuildConfiguration;
			buildSettings = {
				ALWAYS_EMBED_SWIFT_STANDARD_LIBRARIES = YES;
				BUNDLE_LOADER = "$(TEST_HOST)";
				CODE_SIGN_STYLE = Automatic;
				CURRENT_PROJECT_VERSION = 1;
				DEVELOPMENT_TEAM = L7KZPDRX49;
				GENERATE_INFOPLIST_FILE = YES;
				IPHONEOS_DEPLOYMENT_TARGET = 15.5;
				MARKETING_VERSION = 1.0;
				PRODUCT_BUNDLE_IDENTIFIER = pmatar.OpenWeatherAppTests;
				PRODUCT_NAME = "$(TARGET_NAME)";
				SWIFT_EMIT_LOC_STRINGS = NO;
				SWIFT_VERSION = 5.0;
				TARGETED_DEVICE_FAMILY = "1,2";
				TEST_HOST = "$(BUILT_PRODUCTS_DIR)/OpenWeatherApp.app/OpenWeatherApp";
			};
			name = Debug;
		};
		CFFCD707285B126200F4B73F /* Release */ = {
			isa = XCBuildConfiguration;
			buildSettings = {
				ALWAYS_EMBED_SWIFT_STANDARD_LIBRARIES = YES;
				BUNDLE_LOADER = "$(TEST_HOST)";
				CODE_SIGN_STYLE = Automatic;
				CURRENT_PROJECT_VERSION = 1;
				DEVELOPMENT_TEAM = L7KZPDRX49;
				GENERATE_INFOPLIST_FILE = YES;
				IPHONEOS_DEPLOYMENT_TARGET = 15.5;
				MARKETING_VERSION = 1.0;
				PRODUCT_BUNDLE_IDENTIFIER = pmatar.OpenWeatherAppTests;
				PRODUCT_NAME = "$(TARGET_NAME)";
				SWIFT_EMIT_LOC_STRINGS = NO;
				SWIFT_VERSION = 5.0;
				TARGETED_DEVICE_FAMILY = "1,2";
				TEST_HOST = "$(BUILT_PRODUCTS_DIR)/OpenWeatherApp.app/OpenWeatherApp";
			};
			name = Release;
		};
/* End XCBuildConfiguration section */

/* Begin XCConfigurationList section */
		CFFCD6D3285B126000F4B73F /* Build configuration list for PBXProject "OpenWeatherApp" */ = {
			isa = XCConfigurationList;
			buildConfigurations = (
				CFFCD700285B126200F4B73F /* Debug */,
				CFFCD701285B126200F4B73F /* Release */,
			);
			defaultConfigurationIsVisible = 0;
			defaultConfigurationName = Release;
		};
		CFFCD702285B126200F4B73F /* Build configuration list for PBXNativeTarget "OpenWeatherApp" */ = {
			isa = XCConfigurationList;
			buildConfigurations = (
				CFFCD703285B126200F4B73F /* Debug */,
				CFFCD704285B126200F4B73F /* Release */,
			);
			defaultConfigurationIsVisible = 0;
			defaultConfigurationName = Release;
		};
		CFFCD705285B126200F4B73F /* Build configuration list for PBXNativeTarget "OpenWeatherAppTests" */ = {
			isa = XCConfigurationList;
			buildConfigurations = (
				CFFCD706285B126200F4B73F /* Debug */,
				CFFCD707285B126200F4B73F /* Release */,
			);
			defaultConfigurationIsVisible = 0;
			defaultConfigurationName = Release;
		};
/* End XCConfigurationList section */
	};
	rootObject = CFFCD6D0285B126000F4B73F /* Project object */;
}
